
Microsoft Visual Studio Solution File, Format Version 12.00
# Visual Studio Version 17
VisualStudioVersion = 17.8.34330.188
MinimumVisualStudioVersion = 10.0.40219.1
Project("{FAE04EC0-301F-11D3-BF4B-00C04F79EFBC}") = "Harf_Tanıma-YSA-213301069", "Harf_Tanıma-YSA-213301069\Harf_Tanıma-YSA-213301069.csproj", "{A7BD08E3-3BFD-406A-B059-0355FAE78C6C}"
EndProject
Global
	GlobalSection(SolutionConfigurationPlatforms) = preSolution
		Debug|Any CPU = Debug|Any CPU
		Release|Any CPU = Release|Any CPU
	EndGlobalSection
	GlobalSection(ProjectConfigurationPlatforms) = postSolution
		{A7BD08E3-3BFD-406A-B059-0355FAE78C6C}.Debug|Any CPU.ActiveCfg = Debug|Any CPU
		{A7BD08E3-3BFD-406A-B059-0355FAE78C6C}.Debug|Any CPU.Build.0 = Debug|Any CPU
		{A7BD08E3-3BFD-406A-B059-0355FAE78C6C}.Release|Any CPU.ActiveCfg = Release|Any CPU
		{A7BD08E3-3BFD-406A-B059-0355FAE78C6C}.Release|Any CPU.Build.0 = Release|Any CPU
	EndGlobalSection
	GlobalSection(SolutionProperties) = preSolution
		HideSolutionNode = FALSE
	EndGlobalSection
	GlobalSection(ExtensibilityGlobals) = postSolution
		SolutionGuid = {C3153CF9-929B-4A57-8320-C05ACD8F1236}
	EndGlobalSection
EndGlobal
